
Microsoft Visual Studio Solution File, Format Version 12.00
# Visual Studio Version 17
VisualStudioVersion = 17.0.31512.422
MinimumVisualStudioVersion = 10.0.40219.1
Project("{6EC3EE1D-3C4E-46DD-8F32-0CC8E7565705}") = "ProbabilityCalc", "ProbabilityCalc\ProbabilityCalc.fsproj", "{7DE4AB79-CE3C-4B87-9A4F-F1B90871DD3A}"
EndProject
Project("{F2A71F9B-5D33-465A-A702-920D77279786}") = "DiceTracker", "DiceTracker\DiceTracker.fsproj", "{90C262D9-00E4-47C0-9B83-68A0FAA709B8}"
EndProject
Global
	GlobalSection(SolutionConfigurationPlatforms) = preSolution
		Debug|Any CPU = Debug|Any CPU
		Release|Any CPU = Release|Any CPU
	EndGlobalSection
	GlobalSection(ProjectConfigurationPlatforms) = postSolution
		{7DE4AB79-CE3C-4B87-9A4F-F1B90871DD3A}.Debug|Any CPU.ActiveCfg = Debug|Any CPU
		{7DE4AB79-CE3C-4B87-9A4F-F1B90871DD3A}.Debug|Any CPU.Build.0 = Debug|Any CPU
		{7DE4AB79-CE3C-4B87-9A4F-F1B90871DD3A}.Release|Any CPU.ActiveCfg = Release|Any CPU
		{7DE4AB79-CE3C-4B87-9A4F-F1B90871DD3A}.Release|Any CPU.Build.0 = Release|Any CPU
		{90C262D9-00E4-47C0-9B83-68A0FAA709B8}.Debug|Any CPU.ActiveCfg = Debug|Any CPU
		{90C262D9-00E4-47C0-9B83-68A0FAA709B8}.Debug|Any CPU.Build.0 = Debug|Any CPU
		{90C262D9-00E4-47C0-9B83-68A0FAA709B8}.Release|Any CPU.ActiveCfg = Release|Any CPU
		{90C262D9-00E4-47C0-9B83-68A0FAA709B8}.Release|Any CPU.Build.0 = Release|Any CPU
	EndGlobalSection
	GlobalSection(SolutionProperties) = preSolution
		HideSolutionNode = FALSE
	EndGlobalSection
	GlobalSection(ExtensibilityGlobals) = postSolution
		SolutionGuid = {28053DD5-E5B4-43E6-8EE2-B55AC70E2439}
	EndGlobalSection
EndGlobal
