# THIS IS AN AUTOGENERATED FILE. DO NOT EDIT THIS FILE DIRECTLY.
# yarn lockfile v1


monaco-editor@0.27.0:
  version "0.27.0"
  resolved "https://registry.yarnpkg.com/monaco-editor/-/monaco-editor-0.27.0.tgz#4b69108bb1dc1f60174c5dcdf51bc5306ab5ba26"
  integrity sha512-UhwP78Wb8w0ZSYoKXQNTV/0CHObp6NS3nCt51QfKE6sKyBo5PBsvuDOHoI2ooBakc6uIwByRLHVeT7+yXQe2fQ==
